
Microsoft Visual Studio Solution File, Format Version 12.00
# Visual Studio Version 16
VisualStudioVersion = 16.0.810.8
MinimumVisualStudioVersion = 10.0.40219.1
Project("{FAE04EC0-301F-11D3-BF4B-00C04F79EFBC}") = "NumberGuess", "NumberGuess\NumberGuess.csproj", "{4AAC3CF8-19C6-4BAC-B8AD-A6546F1E5DCB}"
EndProject
Global
	GlobalSection(SolutionConfigurationPlatforms) = preSolution
		Debug|Any CPU = Debug|Any CPU
		Release|Any CPU = Release|Any CPU
	EndGlobalSection
	GlobalSection(ProjectConfigurationPlatforms) = postSolution
		{4AAC3CF8-19C6-4BAC-B8AD-A6546F1E5DCB}.Debug|Any CPU.ActiveCfg = Debug|Any CPU
		{4AAC3CF8-19C6-4BAC-B8AD-A6546F1E5DCB}.Debug|Any CPU.Build.0 = Debug|Any CPU
		{4AAC3CF8-19C6-4BAC-B8AD-A6546F1E5DCB}.Release|Any CPU.ActiveCfg = Release|Any CPU
		{4AAC3CF8-19C6-4BAC-B8AD-A6546F1E5DCB}.Release|Any CPU.Build.0 = Release|Any CPU
	EndGlobalSection
	GlobalSection(SolutionProperties) = preSolution
		HideSolutionNode = FALSE
	EndGlobalSection
	GlobalSection(ExtensibilityGlobals) = postSolution
		SolutionGuid = {FC478C2D-D1E6-42EB-B331-7AAF64A78B4C}
	EndGlobalSection
EndGlobal
